[ "cowboy": {:git,"https://github.com/extend/cowboy.git","1f59607b7adcff49d2407f53eead75deb4f8b239",[]},
  "dynamo": {:git,"https://github.com/josevalim/dynamo.git","59082326078fd15bcec2d9d90c4449627daa7d50",[]},
  "ejson": {:git,"https://github.com/davisp/ejson.git","8503461aec0e7f39ed9896be816b5f5e8caa1bf8",[]},
  "mimetypes": {:git,"https://github.com/spawngrid/mimetypes.git","0800544bbb684616651a2a1b30aa260132d17d37",[]},
  "mochiweb": {:git,"https://github.com/mochi/mochiweb.git","edb954a15c4343d56345776e3f5c69e201714153",[tag: "v2.4.2"]},
  "ranch": {:git,"https://github.com/extend/ranch.git","0364d71d69011776b2857caff7204954b1d53905",[]} ]
